// !$*UTF8*$!
{
	archiveVersion = 1;
	classes = {
	};
	objectVersion = 46;
	objects = {

/* Begin PBXBuildFile section */
		9A204B001E23D0F1000A4185 /* YULoadingView.swift in Sources */ = {isa = PBXBuildFile; fileRef = 9A204AFF1E23D0F1000A4185 /* YULoadingView.swift */; };
		9A2192D11E26363C005DF708 /* CollectionViewCell.swift in Sources */ = {isa = PBXBuildFile; fileRef = 9A2192D01E26363C005DF708 /* CollectionViewCell.swift */; };
		9A2193CD1E266DA8005DF708 /* MKAnnotationView+WebCache.m in Sources */ = {isa = PBXBuildFile; fileRef = 9A2193A61E266DA8005DF708 /* MKAnnotationView+WebCache.m */; };
		9A2193CE1E266DA8005DF708 /* NSData+ImageContentType.m in Sources */ = {isa = PBXBuildFile; fileRef = 9A2193A81E266DA8005DF708 /* NSData+ImageContentType.m */; };
		9A2193CF1E266DA8005DF708 /* NSImage+WebCache.m in Sources */ = {isa = PBXBuildFile; fileRef = 9A2193AA1E266DA8005DF708 /* NSImage+WebCache.m */; };
		9A2193D01E266DA8005DF708 /* SDImageCache.m in Sources */ = {isa = PBXBuildFile; fileRef = 9A2193AC1E266DA8005DF708 /* SDImageCache.m */; };
		9A2193D11E266DA8005DF708 /* SDImageCacheConfig.m in Sources */ = {isa = PBXBuildFile; fileRef = 9A2193AE1E266DA8005DF708 /* SDImageCacheConfig.m */; };
		9A2193D21E266DA8005DF708 /* SDWebImageCompat.m in Sources */ = {isa = PBXBuildFile; fileRef = 9A2193B01E266DA8005DF708 /* SDWebImageCompat.m */; };
		9A2193D31E266DA8005DF708 /* SDWebImageDecoder.m in Sources */ = {isa = PBXBuildFile; fileRef = 9A2193B21E266DA8005DF708 /* SDWebImageDecoder.m */; };
		9A2193D41E266DA8005DF708 /* SDWebImageDownloader.m in Sources */ = {isa = PBXBuildFile; fileRef = 9A2193B41E266DA8005DF708 /* SDWebImageDownloader.m */; };
		9A2193D51E266DA8005DF708 /* SDWebImageDownloaderOperation.m in Sources */ = {isa = PBXBuildFile; fileRef = 9A2193B61E266DA8005DF708 /* SDWebImageDownloaderOperation.m */; };
		9A2193D61E266DA8005DF708 /* SDWebImageManager.m in Sources */ = {isa = PBXBuildFile; fileRef = 9A2193B81E266DA8005DF708 /* SDWebImageManager.m */; };
		9A2193D71E266DA8005DF708 /* SDWebImagePrefetcher.m in Sources */ = {isa = PBXBuildFile; fileRef = 9A2193BB1E266DA8005DF708 /* SDWebImagePrefetcher.m */; };
		9A2193D81E266DA8005DF708 /* UIButton+WebCache.m in Sources */ = {isa = PBXBuildFile; fileRef = 9A2193BD1E266DA8005DF708 /* UIButton+WebCache.m */; };
		9A2193D91E266DA8005DF708 /* UIImage+GIF.m in Sources */ = {isa = PBXBuildFile; fileRef = 9A2193BF1E266DA8005DF708 /* UIImage+GIF.m */; };
		9A2193DA1E266DA8005DF708 /* UIImage+MultiFormat.m in Sources */ = {isa = PBXBuildFile; fileRef = 9A2193C11E266DA8005DF708 /* UIImage+MultiFormat.m */; };
		9A2193DB1E266DA8005DF708 /* UIImage+WebP.m in Sources */ = {isa = PBXBuildFile; fileRef = 9A2193C31E266DA8005DF708 /* UIImage+WebP.m */; };
		9A2193DC1E266DA8005DF708 /* UIImageView+HighlightedWebCache.m in Sources */ = {isa = PBXBuildFile; fileRef = 9A2193C51E266DA8005DF708 /* UIImageView+HighlightedWebCache.m */; };
		9A2193DD1E266DA8005DF708 /* UIImageView+WebCache.m in Sources */ = {isa = PBXBuildFile; fileRef = 9A2193C71E266DA8005DF708 /* UIImageView+WebCache.m */; };
		9A2193DE1E266DA8005DF708 /* UIView+WebCache.m in Sources */ = {isa = PBXBuildFile; fileRef = 9A2193C91E266DA8005DF708 /* UIView+WebCache.m */; };
		9A2193DF1E266DA8005DF708 /* UIView+WebCacheOperation.m in Sources */ = {isa = PBXBuildFile; fileRef = 9A2193CB1E266DA8005DF708 /* UIView+WebCacheOperation.m */; };
		9A2287EA1E227F6E00E50057 /* AppDelegate.swift in Sources */ = {isa = PBXBuildFile; fileRef = 9A2287E91E227F6E00E50057 /* AppDelegate.swift */; };
		9A2287EC1E227F6E00E50057 /* ViewController.swift in Sources */ = {isa = PBXBuildFile; fileRef = 9A2287EB1E227F6E00E50057 /* ViewController.swift */; };
		9A2287EF1E227F6E00E50057 /* Main.storyboard in Resources */ = {isa = PBXBuildFile; fileRef = 9A2287ED1E227F6E00E50057 /* Main.storyboard */; };
		9A2287F11E227F6E00E50057 /* Assets.xcassets in Resources */ = {isa = PBXBuildFile; fileRef = 9A2287F01E227F6E00E50057 /* Assets.xcassets */; };
		9A2287F41E227F6E00E50057 /* LaunchScreen.storyboard in Resources */ = {isa = PBXBuildFile; fileRef = 9A2287F21E227F6E00E50057 /* LaunchScreen.storyboard */; };
		9A2287FF1E227F6E00E50057 /* YUImageViewerDemoTests.swift in Sources */ = {isa = PBXBuildFile; fileRef = 9A2287FE1E227F6E00E50057 /* YUImageViewerDemoTests.swift */; };
		9A22880A1E227F6E00E50057 /* YUImageViewerDemoUITests.swift in Sources */ = {isa = PBXBuildFile; fileRef = 9A2288091E227F6E00E50057 /* YUImageViewerDemoUITests.swift */; };
		9A2288191E227FA400E50057 /* YUImageViewerViewController.swift in Sources */ = {isa = PBXBuildFile; fileRef = 9A2288181E227FA400E50057 /* YUImageViewerViewController.swift */; };
		9A2953961E24A5770091714E /* YUTransitonAnimation.swift in Sources */ = {isa = PBXBuildFile; fileRef = 9A2953951E24A5770091714E /* YUTransitonAnimation.swift */; };
		9ABAA9131E2282B200E18FF4 /* YUImageViewerCell.swift in Sources */ = {isa = PBXBuildFile; fileRef = 9ABAA9121E2282B200E18FF4 /* YUImageViewerCell.swift */; };
		9ABAA9151E22A2E700E18FF4 /* YUImageViewerModel.swift in Sources */ = {isa = PBXBuildFile; fileRef = 9ABAA9141E22A2E700E18FF4 /* YUImageViewerModel.swift */; };
/* End PBXBuildFile section */

/* Begin PBXContainerItemProxy section */
		9A2287FB1E227F6E00E50057 /* PBXContainerItemProxy */ = {
			isa = PBXContainerItemProxy;
			containerPortal = 9A2287DE1E227F6E00E50057 /* Project object */;
			proxyType = 1;
			remoteGlobalIDString = 9A2287E51E227F6E00E50057;
			remoteInfo = YUImageViewerDemo;
		};
		9A2288061E227F6E00E50057 /* PBXContainerItemProxy */ = {
			isa = PBXContainerItemProxy;
			containerPortal = 9A2287DE1E227F6E00E50057 /* Project object */;
			proxyType = 1;
			remoteGlobalIDString = 9A2287E51E227F6E00E50057;
			remoteInfo = YUImageViewerDemo;
		};
/* End PBXContainerItemProxy section */

/* Begin PBXFileReference section */
		9A204AFF1E23D0F1000A4185 /* YULoadingView.swift */ = {isa = PBXFileReference; fileEncoding = 4; lastKnownFileType = sourcecode.swift; path = YULoadingView.swift; sourceTree = "<group>"; };
		9A2192D01E26363C005DF708 /* CollectionViewCell.swift */ = {isa = PBXFileReference; fileEncoding = 4; lastKnownFileType = sourcecode.swift; path = CollectionViewCell.swift; sourceTree = "<group>"; };
		9A2193171E2656DA005DF708 /* YUImageViewerDemo-Bridging-Header.h */ = {isa = PBXFileReference; lastKnownFileType = sourcecode.c.h; path = "YUImageViewerDemo-Bridging-Header.h"; sourceTree = "<group>"; };
		9A21939D1E266A36005DF708 /* .gitignore */ = {isa = PBXFileReference; fileEncoding = 4; lastKnownFileType = text; path = .gitignore; sourceTree = "<group>"; };
		9A21939F1E266B30005DF708 /* README.md */ = {isa = PBXFileReference; fileEncoding = 4; lastKnownFileType = net.daringfireball.markdown; path = README.md; sourceTree = "<group>"; };
		9A2193A51E266DA8005DF708 /* MKAnnotationView+WebCache.h */ = {isa = PBXFileReference; fileEncoding = 4; lastKnownFileType = sourcecode.c.h; path = "MKAnnotationView+WebCache.h"; sourceTree = "<group>"; };
		9A2193A61E266DA8005DF708 /* MKAnnotationView+WebCache.m */ = {isa = PBXFileReference; fileEncoding = 4; lastKnownFileType = sourcecode.c.objc; path = "MKAnnotationView+WebCache.m"; sourceTree = "<group>"; };
		9A2193A71E266DA8005DF708 /* NSData+ImageContentType.h */ = {isa = PBXFileReference; fileEncoding = 4; lastKnownFileType = sourcecode.c.h; path = "NSData+ImageContentType.h"; sourceTree = "<group>"; };
		9A2193A81E266DA8005DF708 /* NSData+ImageContentType.m */ = {isa = PBXFileReference; fileEncoding = 4; lastKnownFileType = sourcecode.c.objc; path = "NSData+ImageContentType.m"; sourceTree = "<group>"; };
		9A2193A91E266DA8005DF708 /* NSImage+WebCache.h */ = {isa = PBXFileReference; fileEncoding = 4; lastKnownFileType = sourcecode.c.h; path = "NSImage+WebCache.h"; sourceTree = "<group>"; };
		9A2193AA1E266DA8005DF708 /* NSImage+WebCache.m */ = {isa = PBXFileReference; fileEncoding = 4; lastKnownFileType = sourcecode.c.objc; path = "NSImage+WebCache.m"; sourceTree = "<group>"; };
		9A2193AB1E266DA8005DF708 /* SDImageCache.h */ = {isa = PBXFileReference; fileEncoding = 4; lastKnownFileType = sourcecode.c.h; path = SDImageCache.h; sourceTree = "<group>"; };
		9A2193AC1E266DA8005DF708 /* SDImageCache.m */ = {isa = PBXFileReference; fileEncoding = 4; lastKnownFileType = sourcecode.c.objc; path = SDImageCache.m; sourceTree = "<group>"; };
		9A2193AD1E266DA8005DF708 /* SDImageCacheConfig.h */ = {isa = PBXFileReference; fileEncoding = 4; lastKnownFileType = sourcecode.c.h; path = SDImageCacheConfig.h; sourceTree = "<group>"; };
		9A2193AE1E266DA8005DF708 /* SDImageCacheConfig.m */ = {isa = PBXFileReference; fileEncoding = 4; lastKnownFileType = sourcecode.c.objc; path = SDImageCacheConfig.m; sourceTree = "<group>"; };
		9A2193AF1E266DA8005DF708 /* SDWebImageCompat.h */ = {isa = PBXFileReference; fileEncoding = 4; lastKnownFileType = sourcecode.c.h; path = SDWebImageCompat.h; sourceTree = "<group>"; };
		9A2193B01E266DA8005DF708 /* SDWebImageCompat.m */ = {isa = PBXFileReference; fileEncoding = 4; lastKnownFileType = sourcecode.c.objc; path = SDWebImageCompat.m; sourceTree = "<group>"; };
		9A2193B11E266DA8005DF708 /* SDWebImageDecoder.h */ = {isa = PBXFileReference; fileEncoding = 4; lastKnownFileType = sourcecode.c.h; path = SDWebImageDecoder.h; sourceTree = "<group>"; };
		9A2193B21E266DA8005DF708 /* SDWebImageDecoder.m */ = {isa = PBXFileReference; fileEncoding = 4; lastKnownFileType = sourcecode.c.objc; path = SDWebImageDecoder.m; sourceTree = "<group>"; };
		9A2193B31E266DA8005DF708 /* SDWebImageDownloader.h */ = {isa = PBXFileReference; fileEncoding = 4; lastKnownFileType = sourcecode.c.h; path = SDWebImageDownloader.h; sourceTree = "<group>"; };
		9A2193B41E266DA8005DF708 /* SDWebImageDownloader.m */ = {isa = PBXFileReference; fileEncoding = 4; lastKnownFileType = sourcecode.c.objc; path = SDWebImageDownloader.m; sourceTree = "<group>"; };
		9A2193B51E266DA8005DF708 /* SDWebImageDownloaderOperation.h */ = {isa = PBXFileReference; fileEncoding = 4; lastKnownFileType = sourcecode.c.h; path = SDWebImageDownloaderOperation.h; sourceTree = "<group>"; };
		9A2193B61E266DA8005DF708 /* SDWebImageDownloaderOperation.m */ = {isa = PBXFileReference; fileEncoding = 4; lastKnownFileType = sourcecode.c.objc; path = SDWebImageDownloaderOperation.m; sourceTree = "<group>"; };
		9A2193B71E266DA8005DF708 /* SDWebImageManager.h */ = {isa = PBXFileReference; fileEncoding = 4; lastKnownFileType = sourcecode.c.h; path = SDWebImageManager.h; sourceTree = "<group>"; };
		9A2193B81E266DA8005DF708 /* SDWebImageManager.m */ = {isa = PBXFileReference; fileEncoding = 4; lastKnownFileType = sourcecode.c.objc; path = SDWebImageManager.m; sourceTree = "<group>"; };
		9A2193B91E266DA8005DF708 /* SDWebImageOperation.h */ = {isa = PBXFileReference; fileEncoding = 4; lastKnownFileType = sourcecode.c.h; path = SDWebImageOperation.h; sourceTree = "<group>"; };
		9A2193BA1E266DA8005DF708 /* SDWebImagePrefetcher.h */ = {isa = PBXFileReference; fileEncoding = 4; lastKnownFileType = sourcecode.c.h; path = SDWebImagePrefetcher.h; sourceTree = "<group>"; };
		9A2193BB1E266DA8005DF708 /* SDWebImagePrefetcher.m */ = {isa = PBXFileReference; fileEncoding = 4; lastKnownFileType = sourcecode.c.objc; path = SDWebImagePrefetcher.m; sourceTree = "<group>"; };
		9A2193BC1E266DA8005DF708 /* UIButton+WebCache.h */ = {isa = PBXFileReference; fileEncoding = 4; lastKnownFileType = sourcecode.c.h; path = "UIButton+WebCache.h"; sourceTree = "<group>"; };
		9A2193BD1E266DA8005DF708 /* UIButton+WebCache.m */ = {isa = PBXFileReference; fileEncoding = 4; lastKnownFileType = sourcecode.c.objc; path = "UIButton+WebCache.m"; sourceTree = "<group>"; };
		9A2193BE1E266DA8005DF708 /* UIImage+GIF.h */ = {isa = PBXFileReference; fileEncoding = 4; lastKnownFileType = sourcecode.c.h; path = "UIImage+GIF.h"; sourceTree = "<group>"; };
		9A2193BF1E266DA8005DF708 /* UIImage+GIF.m */ = {isa = PBXFileReference; fileEncoding = 4; lastKnownFileType = sourcecode.c.objc; path = "UIImage+GIF.m"; sourceTree = "<group>"; };
		9A2193C01E266DA8005DF708 /* UIImage+MultiFormat.h */ = {isa = PBXFileReference; fileEncoding = 4; lastKnownFileType = sourcecode.c.h; path = "UIImage+MultiFormat.h"; sourceTree = "<group>"; };
		9A2193C11E266DA8005DF708 /* UIImage+MultiFormat.m */ = {isa = PBXFileReference; fileEncoding = 4; lastKnownFileType = sourcecode.c.objc; path = "UIImage+MultiFormat.m"; sourceTree = "<group>"; };
		9A2193C21E266DA8005DF708 /* UIImage+WebP.h */ = {isa = PBXFileReference; fileEncoding = 4; lastKnownFileType = sourcecode.c.h; path = "UIImage+WebP.h"; sourceTree = "<group>"; };
		9A2193C31E266DA8005DF708 /* UIImage+WebP.m */ = {isa = PBXFileReference; fileEncoding = 4; lastKnownFileType = sourcecode.c.objc; path = "UIImage+WebP.m"; sourceTree = "<group>"; };
		9A2193C41E266DA8005DF708 /* UIImageView+HighlightedWebCache.h */ = {isa = PBXFileReference; fileEncoding = 4; lastKnownFileType = sourcecode.c.h; path = "UIImageView+HighlightedWebCache.h"; sourceTree = "<group>"; };
		9A2193C51E266DA8005DF708 /* UIImageView+HighlightedWebCache.m */ = {isa = PBXFileReference; fileEncoding = 4; lastKnownFileType = sourcecode.c.objc; path = "UIImageView+HighlightedWebCache.m"; sourceTree = "<group>"; };
		9A2193C61E266DA8005DF708 /* UIImageView+WebCache.h */ = {isa = PBXFileReference; fileEncoding = 4; lastKnownFileType = sourcecode.c.h; path = "UIImageView+WebCache.h"; sourceTree = "<group>"; };
		9A2193C71E266DA8005DF708 /* UIImageView+WebCache.m */ = {isa = PBXFileReference; fileEncoding = 4; lastKnownFileType = sourcecode.c.objc; path = "UIImageView+WebCache.m"; sourceTree = "<group>"; };
		9A2193C81E266DA8005DF708 /* UIView+WebCache.h */ = {isa = PBXFileReference; fileEncoding = 4; lastKnownFileType = sourcecode.c.h; path = "UIView+WebCache.h"; sourceTree = "<group>"; };
		9A2193C91E266DA8005DF708 /* UIView+WebCache.m */ = {isa = PBXFileReference; fileEncoding = 4; lastKnownFileType = sourcecode.c.objc; path = "UIView+WebCache.m"; sourceTree = "<group>"; };
		9A2193CA1E266DA8005DF708 /* UIView+WebCacheOperation.h */ = {isa = PBXFileReference; fileEncoding = 4; lastKnownFileType = sourcecode.c.h; path = "UIView+WebCacheOperation.h"; sourceTree = "<group>"; };
		9A2193CB1E266DA8005DF708 /* UIView+WebCacheOperation.m */ = {isa = PBXFileReference; fileEncoding = 4; lastKnownFileType = sourcecode.c.objc; path = "UIView+WebCacheOperation.m"; sourceTree = "<group>"; };
		9A2287E61E227F6E00E50057 /* YUImageViewerDemo.app */ = {isa = PBXFileReference; explicitFileType = wrapper.application; includeInIndex = 0; path = YUImageViewerDemo.app; sourceTree = BUILT_PRODUCTS_DIR; };
		9A2287E91E227F6E00E50057 /* AppDelegate.swift */ = {isa = PBXFileReference; lastKnownFileType = sourcecode.swift; path = AppDelegate.swift; sourceTree = "<group>"; };
		9A2287EB1E227F6E00E50057 /* ViewController.swift */ = {isa = PBXFileReference; lastKnownFileType = sourcecode.swift; path = ViewController.swift; sourceTree = "<group>"; };
		9A2287EE1E227F6E00E50057 /* Base */ = {isa = PBXFileReference; lastKnownFileType = file.storyboard; name = Base; path = Base.lproj/Main.storyboard; sourceTree = "<group>"; };
		9A2287F01E227F6E00E50057 /* Assets.xcassets */ = {isa = PBXFileReference; lastKnownFileType = folder.assetcatalog; path = Assets.xcassets; sourceTree = "<group>"; };
		9A2287F31E227F6E00E50057 /* Base */ = {isa = PBXFileReference; lastKnownFileType = file.storyboard; name = Base; path = Base.lproj/LaunchScreen.storyboard; sourceTree = "<group>"; };
		9A2287F51E227F6E00E50057 /* Info.plist */ = {isa = PBXFileReference; lastKnownFileType = text.plist.xml; path = Info.plist; sourceTree = "<group>"; };
		9A2287FA1E227F6E00E50057 /* YUImageViewerDemoTests.xctest */ = {isa = PBXFileReference; explicitFileType = wrapper.cfbundle; includeInIndex = 0; path = YUImageViewerDemoTests.xctest; sourceTree = BUILT_PRODUCTS_DIR; };
		9A2287FE1E227F6E00E50057 /* YUImageViewerDemoTests.swift */ = {isa = PBXFileReference; lastKnownFileType = sourcecode.swift; path = YUImageViewerDemoTests.swift; sourceTree = "<group>"; };
		9A2288001E227F6E00E50057 /* Info.plist */ = {isa = PBXFileReference; lastKnownFileType = text.plist.xml; path = Info.plist; sourceTree = "<group>"; };
		9A2288051E227F6E00E50057 /* YUImageViewerDemoUITests.xctest */ = {isa = PBXFileReference; explicitFileType = wrapper.cfbundle; includeInIndex = 0; path = YUImageViewerDemoUITests.xctest; sourceTree = BUILT_PRODUCTS_DIR; };
		9A2288091E227F6E00E50057 /* YUImageViewerDemoUITests.swift */ = {isa = PBXFileReference; lastKnownFileType = sourcecode.swift; path = YUImageViewerDemoUITests.swift; sourceTree = "<group>"; };
		9A22880B1E227F6E00E50057 /* Info.plist */ = {isa = PBXFileReference; lastKnownFileType = text.plist.xml; path = Info.plist; sourceTree = "<group>"; };
		9A2288181E227FA400E50057 /* YUImageViewerViewController.swift */ = {isa = PBXFileReference; fileEncoding = 4; lastKnownFileType = sourcecode.swift; path = YUImageViewerViewController.swift; sourceTree = "<group>"; };
		9A2953951E24A5770091714E /* YUTransitonAnimation.swift */ = {isa = PBXFileReference; fileEncoding = 4; lastKnownFileType = sourcecode.swift; path = YUTransitonAnimation.swift; sourceTree = "<group>"; };
		9ABAA9121E2282B200E18FF4 /* YUImageViewerCell.swift */ = {isa = PBXFileReference; fileEncoding = 4; lastKnownFileType = sourcecode.swift; path = YUImageViewerCell.swift; sourceTree = "<group>"; };
		9ABAA9141E22A2E700E18FF4 /* YUImageViewerModel.swift */ = {isa = PBXFileReference; fileEncoding = 4; lastKnownFileType = sourcecode.swift; path = YUImageViewerModel.swift; sourceTree = "<group>"; };
/* End PBXFileReference section */

/* Begin PBXFrameworksBuildPhase section */
		9A2287E31E227F6E00E50057 /* Frameworks */ = {
			isa = PBXFrameworksBuildPhase;
			buildActionMask = 2147483647;
			files = (
			);
			runOnlyForDeploymentPostprocessing = 0;
		};
		9A2287F71E227F6E00E50057 /* Frameworks */ = {
			isa = PBXFrameworksBuildPhase;
			buildActionMask = 2147483647;
			files = (
			);
			runOnlyForDeploymentPostprocessing = 0;
		};
		9A2288021E227F6E00E50057 /* Frameworks */ = {
			isa = PBXFrameworksBuildPhase;
			buildActionMask = 2147483647;
			files = (
			);
			runOnlyForDeploymentPostprocessing = 0;
		};
/* End PBXFrameworksBuildPhase section */

/* Begin PBXGroup section */
		9A2193A11E266DA8005DF708 /* SDWebImage */ = {
			isa = PBXGroup;
			children = (
				9A2193A51E266DA8005DF708 /* MKAnnotationView+WebCache.h */,
				9A2193A61E266DA8005DF708 /* MKAnnotationView+WebCache.m */,
				9A2193A71E266DA8005DF708 /* NSData+ImageContentType.h */,
				9A2193A81E266DA8005DF708 /* NSData+ImageContentType.m */,
				9A2193A91E266DA8005DF708 /* NSImage+WebCache.h */,
				9A2193AA1E266DA8005DF708 /* NSImage+WebCache.m */,
				9A2193AB1E266DA8005DF708 /* SDImageCache.h */,
				9A2193AC1E266DA8005DF708 /* SDImageCache.m */,
				9A2193AD1E266DA8005DF708 /* SDImageCacheConfig.h */,
				9A2193AE1E266DA8005DF708 /* SDImageCacheConfig.m */,
				9A2193AF1E266DA8005DF708 /* SDWebImageCompat.h */,
				9A2193B01E266DA8005DF708 /* SDWebImageCompat.m */,
				9A2193B11E266DA8005DF708 /* SDWebImageDecoder.h */,
				9A2193B21E266DA8005DF708 /* SDWebImageDecoder.m */,
				9A2193B31E266DA8005DF708 /* SDWebImageDownloader.h */,
				9A2193B41E266DA8005DF708 /* SDWebImageDownloader.m */,
				9A2193B51E266DA8005DF708 /* SDWebImageDownloaderOperation.h */,
				9A2193B61E266DA8005DF708 /* SDWebImageDownloaderOperation.m */,
				9A2193B71E266DA8005DF708 /* SDWebImageManager.h */,
				9A2193B81E266DA8005DF708 /* SDWebImageManager.m */,
				9A2193B91E266DA8005DF708 /* SDWebImageOperation.h */,
				9A2193BA1E266DA8005DF708 /* SDWebImagePrefetcher.h */,
				9A2193BB1E266DA8005DF708 /* SDWebImagePrefetcher.m */,
				9A2193BC1E266DA8005DF708 /* UIButton+WebCache.h */,
				9A2193BD1E266DA8005DF708 /* UIButton+WebCache.m */,
				9A2193BE1E266DA8005DF708 /* UIImage+GIF.h */,
				9A2193BF1E266DA8005DF708 /* UIImage+GIF.m */,
				9A2193C01E266DA8005DF708 /* UIImage+MultiFormat.h */,
				9A2193C11E266DA8005DF708 /* UIImage+MultiFormat.m */,
				9A2193C21E266DA8005DF708 /* UIImage+WebP.h */,
				9A2193C31E266DA8005DF708 /* UIImage+WebP.m */,
				9A2193C41E266DA8005DF708 /* UIImageView+HighlightedWebCache.h */,
				9A2193C51E266DA8005DF708 /* UIImageView+HighlightedWebCache.m */,
				9A2193C61E266DA8005DF708 /* UIImageView+WebCache.h */,
				9A2193C71E266DA8005DF708 /* UIImageView+WebCache.m */,
				9A2193C81E266DA8005DF708 /* UIView+WebCache.h */,
				9A2193C91E266DA8005DF708 /* UIView+WebCache.m */,
				9A2193CA1E266DA8005DF708 /* UIView+WebCacheOperation.h */,
				9A2193CB1E266DA8005DF708 /* UIView+WebCacheOperation.m */,
			);
			path = SDWebImage;
			sourceTree = "<group>";
		};
		9A2287DD1E227F6E00E50057 = {
			isa = PBXGroup;
			children = (
				9A2193A11E266DA8005DF708 /* SDWebImage */,
				9A21939F1E266B30005DF708 /* README.md */,
				9A21939D1E266A36005DF708 /* .gitignore */,
				9A2193171E2656DA005DF708 /* YUImageViewerDemo-Bridging-Header.h */,
				9A2288171E227F7500E50057 /* YUImageViewer */,
				9A2287E81E227F6E00E50057 /* YUImageViewerDemo */,
				9A2287FD1E227F6E00E50057 /* YUImageViewerDemoTests */,
				9A2288081E227F6E00E50057 /* YUImageViewerDemoUITests */,
				9A2287E71E227F6E00E50057 /* Products */,
			);
			sourceTree = "<group>";
		};
		9A2287E71E227F6E00E50057 /* Products */ = {
			isa = PBXGroup;
			children = (
				9A2287E61E227F6E00E50057 /* YUImageViewerDemo.app */,
				9A2287FA1E227F6E00E50057 /* YUImageViewerDemoTests.xctest */,
				9A2288051E227F6E00E50057 /* YUImageViewerDemoUITests.xctest */,
			);
			name = Products;
			sourceTree = "<group>";
		};
		9A2287E81E227F6E00E50057 /* YUImageViewerDemo */ = {
			isa = PBXGroup;
			children = (
				9A2287E91E227F6E00E50057 /* AppDelegate.swift */,
				9A2287EB1E227F6E00E50057 /* ViewController.swift */,
				9A2287ED1E227F6E00E50057 /* Main.storyboard */,
				9A2287F01E227F6E00E50057 /* Assets.xcassets */,
				9A2287F21E227F6E00E50057 /* LaunchScreen.storyboard */,
				9A2287F51E227F6E00E50057 /* Info.plist */,
				9A2192D01E26363C005DF708 /* CollectionViewCell.swift */,
			);
			path = YUImageViewerDemo;
			sourceTree = "<group>";
		};
		9A2287FD1E227F6E00E50057 /* YUImageViewerDemoTests */ = {
			isa = PBXGroup;
			children = (
				9A2287FE1E227F6E00E50057 /* YUImageViewerDemoTests.swift */,
				9A2288001E227F6E00E50057 /* Info.plist */,
			);
			path = YUImageViewerDemoTests;
			sourceTree = "<group>";
		};
		9A2288081E227F6E00E50057 /* YUImageViewerDemoUITests */ = {
			isa = PBXGroup;
			children = (
				9A2288091E227F6E00E50057 /* YUImageViewerDemoUITests.swift */,
				9A22880B1E227F6E00E50057 /* Info.plist */,
			);
			path = YUImageViewerDemoUITests;
			sourceTree = "<group>";
		};
		9A2288171E227F7500E50057 /* YUImageViewer */ = {
			isa = PBXGroup;
			children = (
				9A2288181E227FA400E50057 /* YUImageViewerViewController.swift */,
				9ABAA9121E2282B200E18FF4 /* YUImageViewerCell.swift */,
				9ABAA9141E22A2E700E18FF4 /* YUImageViewerModel.swift */,
				9A204AFF1E23D0F1000A4185 /* YULoadingView.swift */,
				9A2953951E24A5770091714E /* YUTransitonAnimation.swift */,
			);
			path = YUImageViewer;
			sourceTree = "<group>";
		};
/* End PBXGroup section */

/* Begin PBXNativeTarget section */
		9A2287E51E227F6E00E50057 /* YUImageViewerDemo */ = {
			isa = PBXNativeTarget;
			buildConfigurationList = 9A22880E1E227F6E00E50057 /* Build configuration list for PBXNativeTarget "YUImageViewerDemo" */;
			buildPhases = (
				9A2287E21E227F6E00E50057 /* Sources */,
				9A2287E31E227F6E00E50057 /* Frameworks */,
				9A2287E41E227F6E00E50057 /* Resources */,
			);
			buildRules = (
			);
			dependencies = (
			);
			name = YUImageViewerDemo;
			productName = YUImageViewerDemo;
			productReference = 9A2287E61E227F6E00E50057 /* YUImageViewerDemo.app */;
			productType = "com.apple.product-type.application";
		};
		9A2287F91E227F6E00E50057 /* YUImageViewerDemoTests */ = {
			isa = PBXNativeTarget;
			buildConfigurationList = 9A2288111E227F6E00E50057 /* Build configuration list for PBXNativeTarget "YUImageViewerDemoTests" */;
			buildPhases = (
				9A2287F61E227F6E00E50057 /* Sources */,
				9A2287F71E227F6E00E50057 /* Frameworks */,
				9A2287F81E227F6E00E50057 /* Resources */,
			);
			buildRules = (
			);
			dependencies = (
				9A2287FC1E227F6E00E50057 /* PBXTargetDependency */,
			);
			name = YUImageViewerDemoTests;
			productName = YUImageViewerDemoTests;
			productReference = 9A2287FA1E227F6E00E50057 /* YUImageViewerDemoTests.xctest */;
			productType = "com.apple.product-type.bundle.unit-test";
		};
		9A2288041E227F6E00E50057 /* YUImageViewerDemoUITests */ = {
			isa = PBXNativeTarget;
			buildConfigurationList = 9A2288141E227F6E00E50057 /* Build configuration list for PBXNativeTarget "YUImageViewerDemoUITests" */;
			buildPhases = (
				9A2288011E227F6E00E50057 /* Sources */,
				9A2288021E227F6E00E50057 /* Frameworks */,
				9A2288031E227F6E00E50057 /* Resources */,
			);
			buildRules = (
			);
			dependencies = (
				9A2288071E227F6E00E50057 /* PBXTargetDependency */,
			);
			name = YUImageViewerDemoUITests;
			productName = YUImageViewerDemoUITests;
			productReference = 9A2288051E227F6E00E50057 /* YUImageViewerDemoUITests.xctest */;
			productType = "com.apple.product-type.bundle.ui-testing";
		};
/* End PBXNativeTarget section */

/* Begin PBXProject section */
		9A2287DE1E227F6E00E50057 /* Project object */ = {
			isa = PBXProject;
			attributes = {
				LastSwiftUpdateCheck = 0820;
				LastUpgradeCheck = 0820;
				ORGANIZATIONNAME = yu;
				TargetAttributes = {
					9A2287E51E227F6E00E50057 = {
						CreatedOnToolsVersion = 8.2.1;
						DevelopmentTeam = XCT55RCLL2;
						LastSwiftMigration = 0820;
						ProvisioningStyle = Automatic;
					};
					9A2287F91E227F6E00E50057 = {
						CreatedOnToolsVersion = 8.2.1;
						ProvisioningStyle = Automatic;
						TestTargetID = 9A2287E51E227F6E00E50057;
					};
					9A2288041E227F6E00E50057 = {
						CreatedOnToolsVersion = 8.2.1;
						ProvisioningStyle = Automatic;
						TestTargetID = 9A2287E51E227F6E00E50057;
					};
				};
			};
			buildConfigurationList = 9A2287E11E227F6E00E50057 /* Build configuration list for PBXProject "YUImageViewerDemo" */;
			compatibilityVersion = "Xcode 3.2";
			developmentRegion = English;
			hasScannedForEncodings = 0;
			knownRegions = (
				en,
				Base,
			);
			mainGroup = 9A2287DD1E227F6E00E50057;
			productRefGroup = 9A2287E71E227F6E00E50057 /* Products */;
			projectDirPath = "";
			projectRoot = "";
			targets = (
				9A2287E51E227F6E00E50057 /* YUImageViewerDemo */,
				9A2287F91E227F6E00E50057 /* YUImageViewerDemoTests */,
				9A2288041E227F6E00E50057 /* YUImageViewerDemoUITests */,
			);
		};
/* End PBXProject section */

/* Begin PBXResourcesBuildPhase section */
		9A2287E41E227F6E00E50057 /* Resources */ = {
			isa = PBXResourcesBuildPhase;
			buildActionMask = 2147483647;
			files = (
				9A2287F41E227F6E00E50057 /* LaunchScreen.storyboard in Resources */,
				9A2287F11E227F6E00E50057 /* Assets.xcassets in Resources */,
				9A2287EF1E227F6E00E50057 /* Main.storyboard in Resources */,
			);
			runOnlyForDeploymentPostprocessing = 0;
		};
		9A2287F81E227F6E00E50057 /* Resources */ = {
			isa = PBXResourcesBuildPhase;
			buildActionMask = 2147483647;
			files = (
			);
			runOnlyForDeploymentPostprocessing = 0;
		};
		9A2288031E227F6E00E50057 /* Resources */ = {
			isa = PBXResourcesBuildPhase;
			buildActionMask = 2147483647;
			files = (
			);
			runOnlyForDeploymentPostprocessing = 0;
		};
/* End PBXResourcesBuildPhase section */

/* Begin PBXSourcesBuildPhase section */
		9A2287E21E227F6E00E50057 /* Sources */ = {
			isa = PBXSourcesBuildPhase;
			buildActionMask = 2147483647;
			files = (
				9A2193D91E266DA8005DF708 /* UIImage+GIF.m in Sources */,
				9A2287EC1E227F6E00E50057 /* ViewController.swift in Sources */,
				9A2193D71E266DA8005DF708 /* SDWebImagePrefetcher.m in Sources */,
				9A204B001E23D0F1000A4185 /* YULoadingView.swift in Sources */,
				9A2193CF1E266DA8005DF708 /* NSImage+WebCache.m in Sources */,
				9A2193DE1E266DA8005DF708 /* UIView+WebCache.m in Sources */,
				9A2193D11E266DA8005DF708 /* SDImageCacheConfig.m in Sources */,
				9A2192D11E26363C005DF708 /* CollectionViewCell.swift in Sources */,
				9A2193CD1E266DA8005DF708 /* MKAnnotationView+WebCache.m in Sources */,
				9A2193D81E266DA8005DF708 /* UIButton+WebCache.m in Sources */,
				9A2193D51E266DA8005DF708 /* SDWebImageDownloaderOperation.m in Sources */,
				9ABAA9131E2282B200E18FF4 /* YUImageViewerCell.swift in Sources */,
				9A2193D21E266DA8005DF708 /* SDWebImageCompat.m in Sources */,
				9A2288191E227FA400E50057 /* YUImageViewerViewController.swift in Sources */,
				9A2193DA1E266DA8005DF708 /* UIImage+MultiFormat.m in Sources */,
				9A2193DD1E266DA8005DF708 /* UIImageView+WebCache.m in Sources */,
				9ABAA9151E22A2E700E18FF4 /* YUImageViewerModel.swift in Sources */,
				9A2287EA1E227F6E00E50057 /* AppDelegate.swift in Sources */,
				9A2193D41E266DA8005DF708 /* SDWebImageDownloader.m in Sources */,
				9A2193DC1E266DA8005DF708 /* UIImageView+HighlightedWebCache.m in Sources */,
				9A2193D31E266DA8005DF708 /* SDWebImageDecoder.m in Sources */,
				9A2193DB1E266DA8005DF708 /* UIImage+WebP.m in Sources */,
				9A2193D61E266DA8005DF708 /* SDWebImageManager.m in Sources */,
				9A2193DF1E266DA8005DF708 /* UIView+WebCacheOperation.m in Sources */,
				9A2193D01E266DA8005DF708 /* SDImageCache.m in Sources */,
				9A2953961E24A5770091714E /* YUTransitonAnimation.swift in Sources */,
				9A2193CE1E266DA8005DF708 /* NSData+ImageContentType.m in Sources */,
			);
			runOnlyForDeploymentPostprocessing = 0;
		};
		9A2287F61E227F6E00E50057 /* Sources */ = {
			isa = PBXSourcesBuildPhase;
			buildActionMask = 2147483647;
			files = (
				9A2287FF1E227F6E00E50057 /* YUImageViewerDemoTests.swift in Sources */,
			);
			runOnlyForDeploymentPostprocessing = 0;
		};
		9A2288011E227F6E00E50057 /* Sources */ = {
			isa = PBXSourcesBuildPhase;
			buildActionMask = 2147483647;
			files = (
				9A22880A1E227F6E00E50057 /* YUImageViewerDemoUITests.swift in Sources */,
			);
			runOnlyForDeploymentPostprocessing = 0;
		};
/* End PBXSourcesBuildPhase section */

/* Begin PBXTargetDependency section */
		9A2287FC1E227F6E00E50057 /* PBXTargetDependency */ = {
			isa = PBXTargetDependency;
			target = 9A2287E51E227F6E00E50057 /* YUImageViewerDemo */;
			targetProxy = 9A2287FB1E227F6E00E50057 /* PBXContainerItemProxy */;
		};
		9A2288071E227F6E00E50057 /* PBXTargetDependency */ = {
			isa = PBXTargetDependency;
			target = 9A2287E51E227F6E00E50057 /* YUImageViewerDemo */;
			targetProxy = 9A2288061E227F6E00E50057 /* PBXContainerItemProxy */;
		};
/* End PBXTargetDependency section */

/* Begin PBXVariantGroup section */
		9A2287ED1E227F6E00E50057 /* Main.storyboard */ = {
			isa = PBXVariantGroup;
			children = (
				9A2287EE1E227F6E00E50057 /* Base */,
			);
			name = Main.storyboard;
			sourceTree = "<group>";
		};
		9A2287F21E227F6E00E50057 /* LaunchScreen.storyboard */ = {
			isa = PBXVariantGroup;
			children = (
				9A2287F31E227F6E00E50057 /* Base */,
			);
			name = LaunchScreen.storyboard;
			sourceTree = "<group>";
		};
/* End PBXVariantGroup section */

/* Begin XCBuildConfiguration section */
		9A22880C1E227F6E00E50057 /* Debug */ = {
			isa = XCBuildConfiguration;
			buildSettings = {
				ALWAYS_SEARCH_USER_PATHS = NO;
				CLANG_ANALYZER_NONNULL = YES;
				CLANG_CXX_LANGUAGE_STANDARD = "gnu++0x";
				CLANG_CXX_LIBRARY = "libc++";
				CLANG_ENABLE_MODULES = YES;
				CLANG_ENABLE_OBJC_ARC = YES;
				CLANG_WARN_BOOL_CONVERSION = YES;
				CLANG_WARN_CONSTANT_CONVERSION = YES;
				CLANG_WARN_DIRECT_OBJC_ISA_USAGE = YES_ERROR;
				CLANG_WARN_DOCUMENTATION_COMMENTS = YES;
				CLANG_WARN_EMPTY_BODY = YES;
				CLANG_WARN_ENUM_CONVERSION = YES;
				CLANG_WARN_INFINITE_RECURSION = YES;
				CLANG_WARN_INT_CONVERSION = YES;
				CLANG_WARN_OBJC_ROOT_CLASS = YES_ERROR;
				CLANG_WARN_SUSPICIOUS_MOVE = YES;
				CLANG_WARN_UNREACHABLE_CODE = YES;
				CLANG_WARN__DUPLICATE_METHOD_MATCH = YES;
				"CODE_SIGN_IDENTITY[sdk=iphoneos*]" = "iPhone Developer";
				COPY_PHASE_STRIP = NO;
				DEBUG_INFORMATION_FORMAT = dwarf;
				ENABLE_STRICT_OBJC_MSGSEND = YES;
				ENABLE_TESTABILITY = YES;
				GCC_C_LANGUAGE_STANDARD = gnu99;
				GCC_DYNAMIC_NO_PIC = NO;
				GCC_NO_COMMON_BLOCKS = YES;
				GCC_OPTIMIZATION_LEVEL = 0;
				GCC_PREPROCESSOR_DEFINITIONS = (
					"DEBUG=1",
					"$(inherited)",
				);
				GCC_WARN_64_TO_32_BIT_CONVERSION = YES;
				GCC_WARN_ABOUT_RETURN_TYPE = YES_ERROR;
				GCC_WARN_UNDECLARED_SELECTOR = YES;
				GCC_WARN_UNINITIALIZED_AUTOS = YES_AGGRESSIVE;
				GCC_WARN_UNUSED_FUNCTION = YES;
				GCC_WARN_UNUSED_VARIABLE = YES;
				IPHONEOS_DEPLOYMENT_TARGET = 10.2;
				MTL_ENABLE_DEBUG_INFO = YES;
				ONLY_ACTIVE_ARCH = YES;
				SDKROOT = iphoneos;
				SWIFT_ACTIVE_COMPILATION_CONDITIONS = DEBUG;
				SWIFT_OPTIMIZATION_LEVEL = "-Onone";
			};
			name = Debug;
		};
		9A22880D1E227F6E00E50057 /* Release */ = {
			isa = XCBuildConfiguration;
			buildSettings = {
				ALWAYS_SEARCH_USER_PATHS = NO;
				CLANG_ANALYZER_NONNULL = YES;
				CLANG_CXX_LANGUAGE_STANDARD = "gnu++0x";
				CLANG_CXX_LIBRARY = "libc++";
				CLANG_ENABLE_MODULES = YES;
				CLANG_ENABLE_OBJC_ARC = YES;
				CLANG_WARN_BOOL_CONVERSION = YES;
				CLANG_WARN_CONSTANT_CONVERSION = YES;
				CLANG_WARN_DIRECT_OBJC_ISA_USAGE = YES_ERROR;
				CLANG_WARN_DOCUMENTATION_COMMENTS = YES;
				CLANG_WARN_EMPTY_BODY = YES;
				CLANG_WARN_ENUM_CONVERSION = YES;
				CLANG_WARN_INFINITE_RECURSION = YES;
				CLANG_WARN_INT_CONVERSION = YES;
				CLANG_WARN_OBJC_ROOT_CLASS = YES_ERROR;
				CLANG_WARN_SUSPICIOUS_MOVE = YES;
				CLANG_WARN_UNREACHABLE_CODE = YES;
				CLANG_WARN__DUPLICATE_METHOD_MATCH = YES;
				"CODE_SIGN_IDENTITY[sdk=iphoneos*]" = "iPhone Developer";
				COPY_PHASE_STRIP = NO;
				DEBUG_INFORMATION_FORMAT = "dwarf-with-dsym";
				ENABLE_NS_ASSERTIONS = NO;
				ENABLE_STRICT_OBJC_MSGSEND = YES;
				GCC_C_LANGUAGE_STANDARD = gnu99;
				GCC_NO_COMMON_BLOCKS = YES;
				GCC_WARN_64_TO_32_BIT_CONVERSION = YES;
				GCC_WARN_ABOUT_RETURN_TYPE = YES_ERROR;
				GCC_WARN_UNDECLARED_SELECTOR = YES;
				GCC_WARN_UNINITIALIZED_AUTOS = YES_AGGRESSIVE;
				GCC_WARN_UNUSED_FUNCTION = YES;
				GCC_WARN_UNUSED_VARIABLE = YES;
				IPHONEOS_DEPLOYMENT_TARGET = 10.2;
				MTL_ENABLE_DEBUG_INFO = NO;
				SDKROOT = iphoneos;
				SWIFT_OPTIMIZATION_LEVEL = "-Owholemodule";
				VALIDATE_PRODUCT = YES;
			};
			name = Release;
		};
		9A22880F1E227F6E00E50057 /* Debug */ = {
			isa = XCBuildConfiguration;
			buildSettings = {
				ASSETCATALOG_COMPILER_APPICON_NAME = AppIcon;
				CLANG_ENABLE_MODULES = YES;
				CODE_SIGN_IDENTITY = "iPhone Developer";
				DEVELOPMENT_TEAM = XCT55RCLL2;
				INFOPLIST_FILE = YUImageViewerDemo/Info.plist;
				IPHONEOS_DEPLOYMENT_TARGET = 8.0;
				LD_RUNPATH_SEARCH_PATHS = "$(inherited) @executable_path/Frameworks";
				PRODUCT_BUNDLE_IDENTIFIER = com.yu.YUImageViewerDemo;
				PRODUCT_NAME = "$(TARGET_NAME)";
				PROVISIONING_PROFILE = "";
				SWIFT_OBJC_BRIDGING_HEADER = "YUImageViewerDemo-Bridging-Header.h";
				SWIFT_OPTIMIZATION_LEVEL = "-Onone";
				SWIFT_VERSION = 3.0;
			};
			name = Debug;
		};
		9A2288101E227F6E00E50057 /* Release */ = {
			isa = XCBuildConfiguration;
			buildSettings = {
				ASSETCATALOG_COMPILER_APPICON_NAME = AppIcon;
				CLANG_ENABLE_MODULES = YES;
				CODE_SIGN_IDENTITY = "iPhone Distribution: Yu Feng (XCT55RCLL2)";
				DEVELOPMENT_TEAM = XCT55RCLL2;
				INFOPLIST_FILE = YUImageViewerDemo/Info.plist;
				IPHONEOS_DEPLOYMENT_TARGET = 8.0;
				LD_RUNPATH_SEARCH_PATHS = "$(inherited) @executable_path/Frameworks";
				PRODUCT_BUNDLE_IDENTIFIER = com.yu.YUImageViewerDemo;
				PRODUCT_NAME = "$(TARGET_NAME)";
				PROVISIONING_PROFILE = "";
				SWIFT_OBJC_BRIDGING_HEADER = "YUImageViewerDemo-Bridging-Header.h";
				SWIFT_VERSION = 3.0;
			};
			name = Release;
		};
		9A2288121E227F6E00E50057 /* Debug */ = {
			isa = XCBuildConfiguration;
			buildSettings = {
				ALWAYS_EMBED_SWIFT_STANDARD_LIBRARIES = YES;
				BUNDLE_LOADER = "$(TEST_HOST)";
				INFOPLIST_FILE = YUImageViewerDemoTests/Info.plist;
				LD_RUNPATH_SEARCH_PATHS = "$(inherited) @executable_path/Frameworks @loader_path/Frameworks";
				PRODUCT_BUNDLE_IDENTIFIER = com.yu.YUImageViewerDemoTests;
				PRODUCT_NAME = "$(TARGET_NAME)";
				SWIFT_VERSION = 3.0;
				TEST_HOST = "$(BUILT_PRODUCTS_DIR)/YUImageViewerDemo.app/YUImageViewerDemo";
			};
			name = Debug;
		};
		9A2288131E227F6E00E50057 /* Release */ = {
			isa = XCBuildConfiguration;
			buildSettings = {
				ALWAYS_EMBED_SWIFT_STANDARD_LIBRARIES = YES;
				BUNDLE_LOADER = "$(TEST_HOST)";
				INFOPLIST_FILE = YUImageViewerDemoTests/Info.plist;
				LD_RUNPATH_SEARCH_PATHS = "$(inherited) @executable_path/Frameworks @loader_path/Frameworks";
				PRODUCT_BUNDLE_IDENTIFIER = com.yu.YUImageViewerDemoTests;
				PRODUCT_NAME = "$(TARGET_NAME)";
				SWIFT_VERSION = 3.0;
				TEST_HOST = "$(BUILT_PRODUCTS_DIR)/YUImageViewerDemo.app/YUImageViewerDemo";
			};
			name = Release;
		};
		9A2288151E227F6E00E50057 /* Debug */ = {
			isa = XCBuildConfiguration;
			buildSettings = {
				ALWAYS_EMBED_SWIFT_STANDARD_LIBRARIES = YES;
				INFOPLIST_FILE = YUImageViewerDemoUITests/Info.plist;
				LD_RUNPATH_SEARCH_PATHS = "$(inherited) @executable_path/Frameworks @loader_path/Frameworks";
				PRODUCT_BUNDLE_IDENTIFIER = com.yu.YUImageViewerDemoUITests;
				PRODUCT_NAME = "$(TARGET_NAME)";
				SWIFT_VERSION = 3.0;
				TEST_TARGET_NAME = YUImageViewerDemo;
			};
			name = Debug;
		};
		9A2288161E227F6E00E50057 /* Release */ = {
			isa = XCBuildConfiguration;
			buildSettings = {
				ALWAYS_EMBED_SWIFT_STANDARD_LIBRARIES = YES;
				INFOPLIST_FILE = YUImageViewerDemoUITests/Info.plist;
				LD_RUNPATH_SEARCH_PATHS = "$(inherited) @executable_path/Frameworks @loader_path/Frameworks";
				PRODUCT_BUNDLE_IDENTIFIER = com.yu.YUImageViewerDemoUITests;
				PRODUCT_NAME = "$(TARGET_NAME)";
				SWIFT_VERSION = 3.0;
				TEST_TARGET_NAME = YUImageViewerDemo;
			};
			name = Release;
		};
/* End XCBuildConfiguration section */

/* Begin XCConfigurationList section */
		9A2287E11E227F6E00E50057 /* Build configuration list for PBXProject "YUImageViewerDemo" */ = {
			isa = XCConfigurationList;
			buildConfigurations = (
				9A22880C1E227F6E00E50057 /* Debug */,
				9A22880D1E227F6E00E50057 /* Release */,
			);
			defaultConfigurationIsVisible = 0;
			defaultConfigurationName = Release;
		};
		9A22880E1E227F6E00E50057 /* Build configuration list for PBXNativeTarget "YUImageViewerDemo" */ = {
			isa = XCConfigurationList;
			buildConfigurations = (
				9A22880F1E227F6E00E50057 /* Debug */,
				9A2288101E227F6E00E50057 /* Release */,
			);
			defaultConfigurationIsVisible = 0;
			defaultConfigurationName = Release;
		};
		9A2288111E227F6E00E50057 /* Build configuration list for PBXNativeTarget "YUImageViewerDemoTests" */ = {
			isa = XCConfigurationList;
			buildConfigurations = (
				9A2288121E227F6E00E50057 /* Debug */,
				9A2288131E227F6E00E50057 /* Release */,
			);
			defaultConfigurationIsVisible = 0;
			defaultConfigurationName = Release;
		};
		9A2288141E227F6E00E50057 /* Build configuration list for PBXNativeTarget "YUImageViewerDemoUITests" */ = {
			isa = XCConfigurationList;
			buildConfigurations = (
				9A2288151E227F6E00E50057 /* Debug */,
				9A2288161E227F6E00E50057 /* Release */,
			);
			defaultConfigurationIsVisible = 0;
			defaultConfigurationName = Release;
		};
/* End XCConfigurationList section */
	};
	rootObject = 9A2287DE1E227F6E00E50057 /* Project object */;
}
